
Microsoft Visual Studio Solution File, Format Version 12.00
# Visual Studio Version 17
VisualStudioVersion = 17.14.36603.0 d17.14
MinimumVisualStudioVersion = 10.0.40219.1
Project("{FAE04EC0-301F-11D3-BF4B-00C04F79EFBC}") = "ClinicaCitas", "ClinicaCitas\ClinicaCitas.csproj", "{EB11AE7C-E81F-4EF6-BA5B-95028D3BC8A1}"
EndProject
Global
	GlobalSection(SolutionConfigurationPlatforms) = preSolution
		Debug|Any CPU = Debug|Any CPU
		Release|Any CPU = Release|Any CPU
	EndGlobalSection
	GlobalSection(ProjectConfigurationPlatforms) = postSolution
		{EB11AE7C-E81F-4EF6-BA5B-95028D3BC8A1}.Debug|Any CPU.ActiveCfg = Debug|Any CPU
		{EB11AE7C-E81F-4EF6-BA5B-95028D3BC8A1}.Debug|Any CPU.Build.0 = Debug|Any CPU
		{EB11AE7C-E81F-4EF6-BA5B-95028D3BC8A1}.Release|Any CPU.ActiveCfg = Release|Any CPU
		{EB11AE7C-E81F-4EF6-BA5B-95028D3BC8A1}.Release|Any CPU.Build.0 = Release|Any CPU
	EndGlobalSection
	GlobalSection(SolutionProperties) = preSolution
		HideSolutionNode = FALSE
	EndGlobalSection
	GlobalSection(ExtensibilityGlobals) = postSolution
		SolutionGuid = {A823786C-A79F-4437-ABC8-04EB031B15D4}
	EndGlobalSection
EndGlobal
